// !$*UTF8*$!
{
	archiveVersion = 1;
	classes = {
	};
	objectVersion = 46;
	objects = {

/* Begin PBXBuildFile section */
		765E86DF17185CC300D755E2 /* Social.framework in Frameworks */ = {isa = PBXBuildFile; fileRef = 765E86DE17185CC300D755E2 /* Social.framework */; };
		765E86E717185F0800D755E2 /* twitterBtn.png in Resources */ = {isa = PBXBuildFile; fileRef = 765E86E517185F0800D755E2 /* twitterBtn.png */; };
		765E86E817185F0800D755E2 /* twitterBtn@2x.png in Resources */ = {isa = PBXBuildFile; fileRef = 765E86E617185F0800D755E2 /* twitterBtn@2x.png */; };
		7678CF451714FB9E005ED101 /* IEServersSearchViewController.m in Sources */ = {isa = PBXBuildFile; fileRef = 7678CF441714FB9E005ED101 /* IEServersSearchViewController.m */; };
		7678CF481714FBBF005ED101 /* IEGamePlayScreenViewController.m in Sources */ = {isa = PBXBuildFile; fileRef = 7678CF471714FBBF005ED101 /* IEGamePlayScreenViewController.m */; };
		7678CF4B1714FBD4005ED101 /* IEMainMenuViewController.m in Sources */ = {isa = PBXBuildFile; fileRef = 7678CF4A1714FBD4005ED101 /* IEMainMenuViewController.m */; };
		A518F1141710DAE300BBCCC2 /* CoreImage.framework in Frameworks */ = {isa = PBXBuildFile; fileRef = A518F1131710DAE300BBCCC2 /* CoreImage.framework */; };
		A518F1161710DAF100BBCCC2 /* AVFoundation.framework in Frameworks */ = {isa = PBXBuildFile; fileRef = A518F1151710DAF100BBCCC2 /* AVFoundation.framework */; };
		A518F1181710DAFE00BBCCC2 /* MediaPlayer.framework in Frameworks */ = {isa = PBXBuildFile; fileRef = A518F1171710DAFE00BBCCC2 /* MediaPlayer.framework */; };
		A518F11D1710E65C00BBCCC2 /* theme_song00.mp3 in Resources */ = {isa = PBXBuildFile; fileRef = A518F1191710E65C00BBCCC2 /* theme_song00.mp3 */; };
		A518F11E1710E65C00BBCCC2 /* theme_song01.mp3 in Resources */ = {isa = PBXBuildFile; fileRef = A518F11A1710E65C00BBCCC2 /* theme_song01.mp3 */; };
		A518F11F1710E65C00BBCCC2 /* theme_song02.mp3 in Resources */ = {isa = PBXBuildFile; fileRef = A518F11B1710E65C00BBCCC2 /* theme_song02.mp3 */; };
		A518F1201710E65C00BBCCC2 /* theme_song03.mp3 in Resources */ = {isa = PBXBuildFile; fileRef = A518F11C1710E65C00BBCCC2 /* theme_song03.mp3 */; };
		A518F1531710F70A00BBCCC2 /* CoreAudio.framework in Frameworks */ = {isa = PBXBuildFile; fileRef = A518F1521710F70A00BBCCC2 /* CoreAudio.framework */; };
		A538AC061700EB4D000F43B9 /* MainStory-iPad.storyboard in Resources */ = {isa = PBXBuildFile; fileRef = A538AC051700EB4D000F43B9 /* MainStory-iPad.storyboard */; };
		A538ACB517010823000F43B9 /* TitleLogo.png in Resources */ = {isa = PBXBuildFile; fileRef = A538ACB417010823000F43B9 /* TitleLogo.png */; };
		A538ACBB1701137D000F43B9 /* LoadPage.png in Resources */ = {isa = PBXBuildFile; fileRef = A538ACBA1701137D000F43B9 /* LoadPage.png */; };
		A538ACBD170113CD000F43B9 /* Default-Portrait@2x~ipad.png in Resources */ = {isa = PBXBuildFile; fileRef = A538ACBC170113CD000F43B9 /* Default-Portrait@2x~ipad.png */; };
		A538ACBF1701160E000F43B9 /* LoadPage-retina.png in Resources */ = {isa = PBXBuildFile; fileRef = A538ACBE1701160E000F43B9 /* LoadPage-retina.png */; };
		A538AD0F17027CCC000F43B9 /* blue-neon-cityscape.png in Resources */ = {isa = PBXBuildFile; fileRef = A538AD0E17027CCC000F43B9 /* blue-neon-cityscape.png */; };
		A538AD151702B5CC000F43B9 /* iRate.m in Sources */ = {isa = PBXBuildFile; fileRef = A538AD141702B5CC000F43B9 /* iRate.m */; };
		A538AD171702B67D000F43B9 /* StoreKit.framework in Frameworks */ = {isa = PBXBuildFile; fileRef = A538AD161702B67D000F43B9 /* StoreKit.framework */; };
		A538AD1A1702BDA7000F43B9 /* iVersion.m in Sources */ = {isa = PBXBuildFile; fileRef = A538AD191702BDA7000F43B9 /* iVersion.m */; };
		A538AD1F1702D258000F43B9 /* QuartzCore.framework in Frameworks */ = {isa = PBXBuildFile; fileRef = A538AD1E1702D258000F43B9 /* QuartzCore.framework */; };
		A538AD2A17033CFE000F43B9 /* SystemConfiguration.framework in Frameworks */ = {isa = PBXBuildFile; fileRef = A538AD2917033CFE000F43B9 /* SystemConfiguration.framework */; };
		A59508661716C1B000BF2199 /* iEmpireDataModel.xcdatamodeld in Sources */ = {isa = PBXBuildFile; fileRef = A59508641716C1B000BF2199 /* iEmpireDataModel.xcdatamodeld */; };
		A59F3DC316EB595C00E11CC9 /* MainWindow-iPad.xib in Resources */ = {isa = PBXBuildFile; fileRef = A59F3DC116EB595C00E11CC9 /* MainWindow-iPad.xib */; };
		A59F3DC916EB68C500E11CC9 /* Icon_144x144.png in Resources */ = {isa = PBXBuildFile; fileRef = A59F3DC816EB68C500E11CC9 /* Icon_144x144.png */; };
		A59F3DCB16EB68D600E11CC9 /* Icon_72x72.png in Resources */ = {isa = PBXBuildFile; fileRef = A59F3DCA16EB68D600E11CC9 /* Icon_72x72.png */; };
		A59F3DCF16EBB79900E11CC9 /* Default-Portrait~ipad.png in Resources */ = {isa = PBXBuildFile; fileRef = A59F3DCE16EBB79900E11CC9 /* Default-Portrait~ipad.png */; };
		A5A284711703490100C2DB01 /* MarqueeLabel.m in Sources */ = {isa = PBXBuildFile; fileRef = A5A284701703490100C2DB01 /* MarqueeLabel.m */; };
		A5A284D0170356E700C2DB01 /* AdSupport.framework in Frameworks */ = {isa = PBXBuildFile; fileRef = A5A284CF170356E700C2DB01 /* AdSupport.framework */; };
		DC4B0BB2151D48DE000985E5 /* DDAbstractDatabaseLogger.m in Sources */ = {isa = PBXBuildFile; fileRef = DC4B0BA3151D48DE000985E5 /* DDAbstractDatabaseLogger.m */; };
		DC4B0BB3151D48DE000985E5 /* DDASLLogger.m in Sources */ = {isa = PBXBuildFile; fileRef = DC4B0BA5151D48DE000985E5 /* DDASLLogger.m */; };
		DC4B0BB4151D48DE000985E5 /* DDFileLogger.m in Sources */ = {isa = PBXBuildFile; fileRef = DC4B0BA7151D48DE000985E5 /* DDFileLogger.m */; };
		DC4B0BB5151D48DE000985E5 /* DDLog.m in Sources */ = {isa = PBXBuildFile; fileRef = DC4B0BA9151D48DE000985E5 /* DDLog.m */; };
		DC4B0BB6151D48DE000985E5 /* DDTTYLogger.m in Sources */ = {isa = PBXBuildFile; fileRef = DC4B0BAB151D48DE000985E5 /* DDTTYLogger.m */; };
		DC4B0BB7151D48DE000985E5 /* ContextFilterLogFormatter.m in Sources */ = {isa = PBXBuildFile; fileRef = DC4B0BAE151D48DE000985E5 /* ContextFilterLogFormatter.m */; };
		DC4B0BB8151D48DE000985E5 /* DispatchQueueLogFormatter.m in Sources */ = {isa = PBXBuildFile; fileRef = DC4B0BB0151D48DE000985E5 /* DispatchQueueLogFormatter.m */; };
		DC4B0BB9151D48DE000985E5 /* README.txt in Resources */ = {isa = PBXBuildFile; fileRef = DC4B0BB1151D48DE000985E5 /* README.txt */; };
		DC80CA3913C3B43F00D29D06 /* UIKit.framework in Frameworks */ = {isa = PBXBuildFile; fileRef = DC80CA3813C3B43F00D29D06 /* UIKit.framework */; };
		DC80CA3B13C3B43F00D29D06 /* Foundation.framework in Frameworks */ = {isa = PBXBuildFile; fileRef = DC80CA3A13C3B43F00D29D06 /* Foundation.framework */; };
		DC80CA3D13C3B43F00D29D06 /* CoreGraphics.framework in Frameworks */ = {isa = PBXBuildFile; fileRef = DC80CA3C13C3B43F00D29D06 /* CoreGraphics.framework */; };
		DC80CA4313C3B43F00D29D06 /* InfoPlist.strings in Resources */ = {isa = PBXBuildFile; fileRef = DC80CA4113C3B43F00D29D06 /* InfoPlist.strings */; };
		DC80CA4613C3B43F00D29D06 /* main.m in Sources */ = {isa = PBXBuildFile; fileRef = DC80CA4513C3B43F00D29D06 /* main.m */; };
		DC80CA4913C3B43F00D29D06 /* SimpleHTTPClientAppDelegate.m in Sources */ = {isa = PBXBuildFile; fileRef = DC80CA4813C3B43F00D29D06 /* SimpleHTTPClientAppDelegate.m */; };
		DC80CA4C13C3B43F00D29D06 /* MainWindow.xib in Resources */ = {isa = PBXBuildFile; fileRef = DC80CA4A13C3B43F00D29D06 /* MainWindow.xib */; };
		DC80CA4F13C3B43F00D29D06 /* SimpleHTTPClientViewController.m in Sources */ = {isa = PBXBuildFile; fileRef = DC80CA4E13C3B43F00D29D06 /* SimpleHTTPClientViewController.m */; };
		DC80CA5213C3B43F00D29D06 /* SimpleHTTPClientViewController.xib in Resources */ = {isa = PBXBuildFile; fileRef = DC80CA5013C3B43F00D29D06 /* SimpleHTTPClientViewController.xib */; };
		DC80CA6D13C3B4AA00D29D06 /* CFNetwork.framework in Frameworks */ = {isa = PBXBuildFile; fileRef = DC80CA6C13C3B4AA00D29D06 /* CFNetwork.framework */; };
		DC80CAA313C3B94B00D29D06 /* GCDAsyncSocket.m in Sources */ = {isa = PBXBuildFile; fileRef = DC80CAA213C3B94B00D29D06 /* GCDAsyncSocket.m */; };
		DC825153163AFEC100D95D37 /* Default-568h@2x.png in Resources */ = {isa = PBXBuildFile; fileRef = DC825152163AFEC100D95D37 /* Default-568h@2x.png */; };
		DCFF8C051529676500448078 /* Security.framework in Frameworks */ = {isa = PBXBuildFile; fileRef = DCFF8C041529676500448078 /* Security.framework */; };
/* End PBXBuildFile section */

/* Begin PBXFileReference section */
		765E86DC17185C5A00D755E2 /* Twitter.framework */ = {isa = PBXFileReference; lastKnownFileType = wrapper.framework; name = Twitter.framework; path = System/Library/Frameworks/Twitter.framework; sourceTree = SDKROOT; };
		765E86DE17185CC300D755E2 /* Social.framework */ = {isa = PBXFileReference; lastKnownFileType = wrapper.framework; name = Social.framework; path = System/Library/Frameworks/Social.framework; sourceTree = SDKROOT; };
		765E86E517185F0800D755E2 /* twitterBtn.png */ = {isa = PBXFileReference; lastKnownFileType = image.png; path = twitterBtn.png; sourceTree = "<group>"; };
		765E86E617185F0800D755E2 /* twitterBtn@2x.png */ = {isa = PBXFileReference; lastKnownFileType = image.png; path = "twitterBtn@2x.png"; sourceTree = "<group>"; };
		7678CF431714FB9E005ED101 /* IEServersSearchViewController.h */ = {isa = PBXFileReference; fileEncoding = 4; lastKnownFileType = sourcecode.c.h; path = IEServersSearchViewController.h; sourceTree = "<group>"; };
		7678CF441714FB9E005ED101 /* IEServersSearchViewController.m */ = {isa = PBXFileReference; fileEncoding = 4; lastKnownFileType = sourcecode.c.objc; path = IEServersSearchViewController.m; sourceTree = "<group>"; };
		7678CF461714FBBF005ED101 /* IEGamePlayScreenViewController.h */ = {isa = PBXFileReference; fileEncoding = 4; lastKnownFileType = sourcecode.c.h; path = IEGamePlayScreenViewController.h; sourceTree = "<group>"; };
		7678CF471714FBBF005ED101 /* IEGamePlayScreenViewController.m */ = {isa = PBXFileReference; fileEncoding = 4; lastKnownFileType = sourcecode.c.objc; path = IEGamePlayScreenViewController.m; sourceTree = "<group>"; };
		7678CF491714FBD4005ED101 /* IEMainMenuViewController.h */ = {isa = PBXFileReference; fileEncoding = 4; lastKnownFileType = sourcecode.c.h; path = IEMainMenuViewController.h; sourceTree = "<group>"; };
		7678CF4A1714FBD4005ED101 /* IEMainMenuViewController.m */ = {isa = PBXFileReference; fileEncoding = 4; lastKnownFileType = sourcecode.c.objc; path = IEMainMenuViewController.m; sourceTree = "<group>"; };
		A518F11217109DA700BBCCC2 /* proto.h */ = {isa = PBXFileReference; fileEncoding = 4; lastKnownFileType = sourcecode.c.h; path = proto.h; sourceTree = "<group>"; };
		A518F1131710DAE300BBCCC2 /* CoreImage.framework */ = {isa = PBXFileReference; lastKnownFileType = wrapper.framework; name = CoreImage.framework; path = System/Library/Frameworks/CoreImage.framework; sourceTree = SDKROOT; };
		A518F1151710DAF100BBCCC2 /* AVFoundation.framework */ = {isa = PBXFileReference; lastKnownFileType = wrapper.framework; name = AVFoundation.framework; path = System/Library/Frameworks/AVFoundation.framework; sourceTree = SDKROOT; };
		A518F1171710DAFE00BBCCC2 /* MediaPlayer.framework */ = {isa = PBXFileReference; lastKnownFileType = wrapper.framework; name = MediaPlayer.framework; path = System/Library/Frameworks/MediaPlayer.framework; sourceTree = SDKROOT; };
		A518F1191710E65C00BBCCC2 /* theme_song00.mp3 */ = {isa = PBXFileReference; lastKnownFileType = audio.mp3; path = theme_song00.mp3; sourceTree = "<group>"; };
		A518F11A1710E65C00BBCCC2 /* theme_song01.mp3 */ = {isa = PBXFileReference; lastKnownFileType = audio.mp3; path = theme_song01.mp3; sourceTree = "<group>"; };
		A518F11B1710E65C00BBCCC2 /* theme_song02.mp3 */ = {isa = PBXFileReference; lastKnownFileType = audio.mp3; path = theme_song02.mp3; sourceTree = "<group>"; };
		A518F11C1710E65C00BBCCC2 /* theme_song03.mp3 */ = {isa = PBXFileReference; lastKnownFileType = audio.mp3; path = theme_song03.mp3; sourceTree = "<group>"; };
		A518F1521710F70A00BBCCC2 /* CoreAudio.framework */ = {isa = PBXFileReference; lastKnownFileType = wrapper.framework; name = CoreAudio.framework; path = System/Library/Frameworks/CoreAudio.framework; sourceTree = SDKROOT; };
		A538AC051700EB4D000F43B9 /* MainStory-iPad.storyboard */ = {isa = PBXFileReference; fileEncoding = 4; lastKnownFileType = file.storyboard; path = "MainStory-iPad.storyboard"; sourceTree = "<group>"; };
		A538ACB417010823000F43B9 /* TitleLogo.png */ = {isa = PBXFileReference; lastKnownFileType = image.png; path = TitleLogo.png; sourceTree = "<group>"; };
		A538ACBA1701137D000F43B9 /* LoadPage.png */ = {isa = PBXFileReference; lastKnownFileType = image.png; path = LoadPage.png; sourceTree = "<group>"; };
		A538ACBC170113CD000F43B9 /* Default-Portrait@2x~ipad.png */ = {isa = PBXFileReference; lastKnownFileType = image.png; path = "Default-Portrait@2x~ipad.png"; sourceTree = "<group>"; };
		A538ACBE1701160E000F43B9 /* LoadPage-retina.png */ = {isa = PBXFileReference; lastKnownFileType = image.png; path = "LoadPage-retina.png"; sourceTree = "<group>"; };
		A538AD0E17027CCC000F43B9 /* blue-neon-cityscape.png */ = {isa = PBXFileReference; lastKnownFileType = image.png; path = "blue-neon-cityscape.png"; sourceTree = "<group>"; };
		A538AD131702B5CC000F43B9 /* iRate.h */ = {isa = PBXFileReference; fileEncoding = 4; lastKnownFileType = sourcecode.c.h; path = iRate.h; sourceTree = "<group>"; };
		A538AD141702B5CC000F43B9 /* iRate.m */ = {isa = PBXFileReference; fileEncoding = 4; lastKnownFileType = sourcecode.c.objc; path = iRate.m; sourceTree = "<group>"; };
		A538AD161702B67D000F43B9 /* StoreKit.framework */ = {isa = PBXFileReference; lastKnownFileType = wrapper.framework; name = StoreKit.framework; path = System/Library/Frameworks/StoreKit.framework; sourceTree = SDKROOT; };
		A538AD181702BDA7000F43B9 /* iVersion.h */ = {isa = PBXFileReference; fileEncoding = 4; lastKnownFileType = sourcecode.c.h; path = iVersion.h; sourceTree = "<group>"; };
		A538AD191702BDA7000F43B9 /* iVersion.m */ = {isa = PBXFileReference; fileEncoding = 4; lastKnownFileType = sourcecode.c.objc; path = iVersion.m; sourceTree = "<group>"; };
		A538AD1E1702D258000F43B9 /* QuartzCore.framework */ = {isa = PBXFileReference; lastKnownFileType = wrapper.framework; name = QuartzCore.framework; path = System/Library/Frameworks/QuartzCore.framework; sourceTree = SDKROOT; };
		A538AD2917033CFE000F43B9 /* SystemConfiguration.framework */ = {isa = PBXFileReference; lastKnownFileType = wrapper.framework; name = SystemConfiguration.framework; path = System/Library/Frameworks/SystemConfiguration.framework; sourceTree = SDKROOT; };
		A59508651716C1B000BF2199 /* iEmpireDataModel.xcdatamodel */ = {isa = PBXFileReference; lastKnownFileType = wrapper.xcdatamodel; path = iEmpireDataModel.xcdatamodel; sourceTree = "<group>"; };
		A59F3DC216EB595C00E11CC9 /* en */ = {isa = PBXFileReference; lastKnownFileType = file.xib; name = en; path = "iPad/en.lproj/MainWindow-iPad.xib"; sourceTree = "<group>"; };
		A59F3DC816EB68C500E11CC9 /* Icon_144x144.png */ = {isa = PBXFileReference; lastKnownFileType = image.png; path = Icon_144x144.png; sourceTree = "<group>"; };
		A59F3DCA16EB68D600E11CC9 /* Icon_72x72.png */ = {isa = PBXFileReference; lastKnownFileType = image.png; path = Icon_72x72.png; sourceTree = "<group>"; };
		A59F3DCE16EBB79900E11CC9 /* Default-Portrait~ipad.png */ = {isa = PBXFileReference; lastKnownFileType = image.png; path = "Default-Portrait~ipad.png"; sourceTree = "<group>"; };
		A5A2846F1703490100C2DB01 /* MarqueeLabel.h */ = {isa = PBXFileReference; fileEncoding = 4; lastKnownFileType = sourcecode.c.h; path = MarqueeLabel.h; sourceTree = "<group>"; };
		A5A284701703490100C2DB01 /* MarqueeLabel.m */ = {isa = PBXFileReference; fileEncoding = 4; lastKnownFileType = sourcecode.c.objc; path = MarqueeLabel.m; sourceTree = "<group>"; };
		A5A284CF170356E700C2DB01 /* AdSupport.framework */ = {isa = PBXFileReference; lastKnownFileType = wrapper.framework; name = AdSupport.framework; path = System/Library/Frameworks/AdSupport.framework; sourceTree = SDKROOT; };
		DC4B0BA2151D48DE000985E5 /* DDAbstractDatabaseLogger.h */ = {isa = PBXFileReference; fileEncoding = 4; lastKnownFileType = sourcecode.c.h; name = DDAbstractDatabaseLogger.h; path = ../../../../Vendor/CocoaLumberjack/DDAbstractDatabaseLogger.h; sourceTree = "<group>"; };
		DC4B0BA3151D48DE000985E5 /* DDAbstractDatabaseLogger.m */ = {isa = PBXFileReference; fileEncoding = 4; lastKnownFileType = sourcecode.c.objc; name = DDAbstractDatabaseLogger.m; path = ../../../../Vendor/CocoaLumberjack/DDAbstractDatabaseLogger.m; sourceTree = "<group>"; };
		DC4B0BA4151D48DE000985E5 /* DDASLLogger.h */ = {isa = PBXFileReference; fileEncoding = 4; lastKnownFileType = sourcecode.c.h; name = DDASLLogger.h; path = ../../../../Vendor/CocoaLumberjack/DDASLLogger.h; sourceTree = "<group>"; };
		DC4B0BA5151D48DE000985E5 /* DDASLLogger.m */ = {isa = PBXFileReference; fileEncoding = 4; lastKnownFileType = sourcecode.c.objc; name = DDASLLogger.m; path = ../../../../Vendor/CocoaLumberjack/DDASLLogger.m; sourceTree = "<group>"; };
		DC4B0BA6151D48DE000985E5 /* DDFileLogger.h */ = {isa = PBXFileReference; fileEncoding = 4; lastKnownFileType = sourcecode.c.h; name = DDFileLogger.h; path = ../../../../Vendor/CocoaLumberjack/DDFileLogger.h; sourceTree = "<group>"; };
		DC4B0BA7151D48DE000985E5 /* DDFileLogger.m */ = {isa = PBXFileReference; fileEncoding = 4; lastKnownFileType = sourcecode.c.objc; name = DDFileLogger.m; path = ../../../../Vendor/CocoaLumberjack/DDFileLogger.m; sourceTree = "<group>"; };
		DC4B0BA8151D48DE000985E5 /* DDLog.h */ = {isa = PBXFileReference; fileEncoding = 4; lastKnownFileType = sourcecode.c.h; name = DDLog.h; path = ../../../../Vendor/CocoaLumberjack/DDLog.h; sourceTree = "<group>"; };
		DC4B0BA9151D48DE000985E5 /* DDLog.m */ = {isa = PBXFileReference; fileEncoding = 4; lastKnownFileType = sourcecode.c.objc; name = DDLog.m; path = ../../../../Vendor/CocoaLumberjack/DDLog.m; sourceTree = "<group>"; };
		DC4B0BAA151D48DE000985E5 /* DDTTYLogger.h */ = {isa = PBXFileReference; fileEncoding = 4; lastKnownFileType = sourcecode.c.h; name = DDTTYLogger.h; path = ../../../../Vendor/CocoaLumberjack/DDTTYLogger.h; sourceTree = "<group>"; };
		DC4B0BAB151D48DE000985E5 /* DDTTYLogger.m */ = {isa = PBXFileReference; fileEncoding = 4; lastKnownFileType = sourcecode.c.objc; name = DDTTYLogger.m; path = ../../../../Vendor/CocoaLumberjack/DDTTYLogger.m; sourceTree = "<group>"; };
		DC4B0BAD151D48DE000985E5 /* ContextFilterLogFormatter.h */ = {isa = PBXFileReference; fileEncoding = 4; lastKnownFileType = sourcecode.c.h; path = ContextFilterLogFormatter.h; sourceTree = "<group>"; };
		DC4B0BAE151D48DE000985E5 /* ContextFilterLogFormatter.m */ = {isa = PBXFileReference; fileEncoding = 4; lastKnownFileType = sourcecode.c.objc; path = ContextFilterLogFormatter.m; sourceTree = "<group>"; };
		DC4B0BAF151D48DE000985E5 /* DispatchQueueLogFormatter.h */ = {isa = PBXFileReference; fileEncoding = 4; lastKnownFileType = sourcecode.c.h; path = DispatchQueueLogFormatter.h; sourceTree = "<group>"; };
		DC4B0BB0151D48DE000985E5 /* DispatchQueueLogFormatter.m */ = {isa = PBXFileReference; fileEncoding = 4; lastKnownFileType = sourcecode.c.objc; path = DispatchQueueLogFormatter.m; sourceTree = "<group>"; };
		DC4B0BB1151D48DE000985E5 /* README.txt */ = {isa = PBXFileReference; fileEncoding = 4; lastKnownFileType = text; path = README.txt; sourceTree = "<group>"; };
		DC80CA3413C3B43F00D29D06 /* iEmpire.app */ = {isa = PBXFileReference; explicitFileType = wrapper.application; includeInIndex = 0; path = iEmpire.app; sourceTree = BUILT_PRODUCTS_DIR; };
		DC80CA3813C3B43F00D29D06 /* UIKit.framework */ = {isa = PBXFileReference; lastKnownFileType = wrapper.framework; name = UIKit.framework; path = System/Library/Frameworks/UIKit.framework; sourceTree = SDKROOT; };
		DC80CA3A13C3B43F00D29D06 /* Foundation.framework */ = {isa = PBXFileReference; lastKnownFileType = wrapper.framework; name = Foundation.framework; path = System/Library/Frameworks/Foundation.framework; sourceTree = SDKROOT; };
		DC80CA3C13C3B43F00D29D06 /* CoreGraphics.framework */ = {isa = PBXFileReference; lastKnownFileType = wrapper.framework; name = CoreGraphics.framework; path = System/Library/Frameworks/CoreGraphics.framework; sourceTree = SDKROOT; };
		DC80CA4013C3B43F00D29D06 /* iEmpire-Info.plist */ = {isa = PBXFileReference; lastKnownFileType = text.plist.xml; path = "iEmpire-Info.plist"; sourceTree = "<group>"; };
		DC80CA4213C3B43F00D29D06 /* en */ = {isa = PBXFileReference; lastKnownFileType = text.plist.strings; name = en; path = en.lproj/InfoPlist.strings; sourceTree = "<group>"; };
		DC80CA4413C3B43F00D29D06 /* iEmpire-Prefix.pch */ = {isa = PBXFileReference; lastKnownFileType = sourcecode.c.h; path = "iEmpire-Prefix.pch"; sourceTree = "<group>"; };
		DC80CA4513C3B43F00D29D06 /* main.m */ = {isa = PBXFileReference; lastKnownFileType = sourcecode.c.objc; path = main.m; sourceTree = "<group>"; };
		DC80CA4713C3B43F00D29D06 /* SimpleHTTPClientAppDelegate.h */ = {isa = PBXFileReference; lastKnownFileType = sourcecode.c.h; path = SimpleHTTPClientAppDelegate.h; sourceTree = "<group>"; };
		DC80CA4813C3B43F00D29D06 /* SimpleHTTPClientAppDelegate.m */ = {isa = PBXFileReference; lastKnownFileType = sourcecode.c.objc; path = SimpleHTTPClientAppDelegate.m; sourceTree = "<group>"; };
		DC80CA4B13C3B43F00D29D06 /* en */ = {isa = PBXFileReference; lastKnownFileType = file.xib; name = en; path = en.lproj/MainWindow.xib; sourceTree = "<group>"; };
		DC80CA4D13C3B43F00D29D06 /* SimpleHTTPClientViewController.h */ = {isa = PBXFileReference; lastKnownFileType = sourcecode.c.h; path = SimpleHTTPClientViewController.h; sourceTree = "<group>"; };
		DC80CA4E13C3B43F00D29D06 /* SimpleHTTPClientViewController.m */ = {isa = PBXFileReference; lastKnownFileType = sourcecode.c.objc; path = SimpleHTTPClientViewController.m; sourceTree = "<group>"; };
		DC80CA5113C3B43F00D29D06 /* en */ = {isa = PBXFileReference; lastKnownFileType = file.xib; name = en; path = en.lproj/SimpleHTTPClientViewController.xib; sourceTree = "<group>"; };
		DC80CA6C13C3B4AA00D29D06 /* CFNetwork.framework */ = {isa = PBXFileReference; lastKnownFileType = wrapper.framework; name = CFNetwork.framework; path = System/Library/Frameworks/CFNetwork.framework; sourceTree = SDKROOT; };
		DC80CAA113C3B94B00D29D06 /* GCDAsyncSocket.h */ = {isa = PBXFileReference; fileEncoding = 4; lastKnownFileType = sourcecode.c.h; name = GCDAsyncSocket.h; path = ../../../GCDAsyncSocket.h; sourceTree = "<group>"; };
		DC80CAA213C3B94B00D29D06 /* GCDAsyncSocket.m */ = {isa = PBXFileReference; fileEncoding = 4; lastKnownFileType = sourcecode.c.objc; name = GCDAsyncSocket.m; path = ../../../GCDAsyncSocket.m; sourceTree = "<group>"; };
		DC825152163AFEC100D95D37 /* Default-568h@2x.png */ = {isa = PBXFileReference; lastKnownFileType = image.png; name = "Default-568h@2x.png"; path = "../Default-568h@2x.png"; sourceTree = "<group>"; };
		DCFF8C041529676500448078 /* Security.framework */ = {isa = PBXFileReference; lastKnownFileType = wrapper.framework; name = Security.framework; path = System/Library/Frameworks/Security.framework; sourceTree = SDKROOT; };
/* End PBXFileReference section */

/* Begin PBXFrameworksBuildPhase section */
		DC80CA3113C3B43F00D29D06 /* Frameworks */ = {
			isa = PBXFrameworksBuildPhase;
			buildActionMask = 2147483647;
			files = (
				765E86DF17185CC300D755E2 /* Social.framework in Frameworks */,
				A518F1531710F70A00BBCCC2 /* CoreAudio.framework in Frameworks */,
				A518F1181710DAFE00BBCCC2 /* MediaPlayer.framework in Frameworks */,
				A518F1161710DAF100BBCCC2 /* AVFoundation.framework in Frameworks */,
				A518F1141710DAE300BBCCC2 /* CoreImage.framework in Frameworks */,
				A538AD171702B67D000F43B9 /* StoreKit.framework in Frameworks */,
				A5A284D0170356E700C2DB01 /* AdSupport.framework in Frameworks */,
				A538AD2A17033CFE000F43B9 /* SystemConfiguration.framework in Frameworks */,
				A538AD1F1702D258000F43B9 /* QuartzCore.framework in Frameworks */,
				DCFF8C051529676500448078 /* Security.framework in Frameworks */,
				DC80CA6D13C3B4AA00D29D06 /* CFNetwork.framework in Frameworks */,
				DC80CA3913C3B43F00D29D06 /* UIKit.framework in Frameworks */,
				DC80CA3B13C3B43F00D29D06 /* Foundation.framework in Frameworks */,
				DC80CA3D13C3B43F00D29D06 /* CoreGraphics.framework in Frameworks */,
			);
			runOnlyForDeploymentPostprocessing = 0;
		};
/* End PBXFrameworksBuildPhase section */

/* Begin PBXGroup section */
		765E86E017185E2F00D755E2 /* Twitter Images */ = {
			isa = PBXGroup;
			children = (
				765E86E517185F0800D755E2 /* twitterBtn.png */,
				765E86E617185F0800D755E2 /* twitterBtn@2x.png */,
			);
			name = "Twitter Images";
			sourceTree = "<group>";
		};
		7678CF3F1714FB41005ED101 /* Controllers */ = {
			isa = PBXGroup;
			children = (
				7678CF421714FB77005ED101 /* ServersSearch */,
				7678CF411714FB5E005ED101 /* GamePlayScreen */,
				7678CF401714FB56005ED101 /* MainMenu */,
			);
			name = Controllers;
			sourceTree = "<group>";
		};
		7678CF401714FB56005ED101 /* MainMenu */ = {
			isa = PBXGroup;
			children = (
				7678CF491714FBD4005ED101 /* IEMainMenuViewController.h */,
				7678CF4A1714FBD4005ED101 /* IEMainMenuViewController.m */,
			);
			name = MainMenu;
			sourceTree = "<group>";
		};
		7678CF411714FB5E005ED101 /* GamePlayScreen */ = {
			isa = PBXGroup;
			children = (
				7678CF461714FBBF005ED101 /* IEGamePlayScreenViewController.h */,
				7678CF471714FBBF005ED101 /* IEGamePlayScreenViewController.m */,
			);
			name = GamePlayScreen;
			sourceTree = "<group>";
		};
		7678CF421714FB77005ED101 /* ServersSearch */ = {
			isa = PBXGroup;
			children = (
				7678CF431714FB9E005ED101 /* IEServersSearchViewController.h */,
				7678CF441714FB9E005ED101 /* IEServersSearchViewController.m */,
			);
			name = ServersSearch;
			sourceTree = "<group>";
		};
		7678CF4C1714FC15005ED101 /* Resources */ = {
			isa = PBXGroup;
			children = (
				765E86E017185E2F00D755E2 /* Twitter Images */,
				A59F3DC116EB595C00E11CC9 /* MainWindow-iPad.xib */,
				A538AC051700EB4D000F43B9 /* MainStory-iPad.storyboard */,
			);
			name = Resources;
			sourceTree = "<group>";
		};
		A59F3DC016EB595200E11CC9 /* iPad */ = {
			isa = PBXGroup;
			children = (
				7678CF4C1714FC15005ED101 /* Resources */,
				7678CF3F1714FB41005ED101 /* Controllers */,
			);
			name = iPad;
			sourceTree = "<group>";
		};
		DC4B0BAC151D48DE000985E5 /* Extensions */ = {
			isa = PBXGroup;
			children = (
				DC4B0BAD151D48DE000985E5 /* ContextFilterLogFormatter.h */,
				DC4B0BAE151D48DE000985E5 /* ContextFilterLogFormatter.m */,
				DC4B0BAF151D48DE000985E5 /* DispatchQueueLogFormatter.h */,
				DC4B0BB0151D48DE000985E5 /* DispatchQueueLogFormatter.m */,
				DC4B0BB1151D48DE000985E5 /* README.txt */,
			);
			name = Extensions;
			path = ../../../../Vendor/CocoaLumberjack/Extensions;
			sourceTree = "<group>";
		};
		DC80CA2913C3B43F00D29D06 = {
			isa = PBXGroup;
			children = (
				765E86DE17185CC300D755E2 /* Social.framework */,
				765E86DC17185C5A00D755E2 /* Twitter.framework */,
				A518F1521710F70A00BBCCC2 /* CoreAudio.framework */,
				A538ACBC170113CD000F43B9 /* Default-Portrait@2x~ipad.png */,
				A59F3DCE16EBB79900E11CC9 /* Default-Portrait~ipad.png */,
				A59F3DCA16EB68D600E11CC9 /* Icon_72x72.png */,
				A538ACBE1701160E000F43B9 /* LoadPage-retina.png */,
				A59F3DC816EB68C500E11CC9 /* Icon_144x144.png */,
				A538AD0E17027CCC000F43B9 /* blue-neon-cityscape.png */,
				A538ACBA1701137D000F43B9 /* LoadPage.png */,
				A538ACB417010823000F43B9 /* TitleLogo.png */,
				DC80CA5813C3B44900D29D06 /* Logging */,
				DC80CA6813C3B47300D29D06 /* TCP */,
				DC80CA3E13C3B43F00D29D06 /* SimpleHTTPClient */,
				DC80CA3713C3B43F00D29D06 /* Frameworks */,
				DC80CA3513C3B43F00D29D06 /* Products */,
			);
			sourceTree = "<group>";
		};
		DC80CA3513C3B43F00D29D06 /* Products */ = {
			isa = PBXGroup;
			children = (
				DC80CA3413C3B43F00D29D06 /* iEmpire.app */,
			);
			name = Products;
			sourceTree = "<group>";
		};
		DC80CA3713C3B43F00D29D06 /* Frameworks */ = {
			isa = PBXGroup;
			children = (
				A518F1521710F70A00BBCCC2 /* CoreAudio.framework */,
				A518F1171710DAFE00BBCCC2 /* MediaPlayer.framework */,
				A518F1151710DAF100BBCCC2 /* AVFoundation.framework */,
				A518F1131710DAE300BBCCC2 /* CoreImage.framework */,
				A5A284CF170356E700C2DB01 /* AdSupport.framework */,
				A538AD2917033CFE000F43B9 /* SystemConfiguration.framework */,
				A538AD1E1702D258000F43B9 /* QuartzCore.framework */,
				A538AD161702B67D000F43B9 /* StoreKit.framework */,
				DC80CA3813C3B43F00D29D06 /* UIKit.framework */,
				DC80CA3A13C3B43F00D29D06 /* Foundation.framework */,
				DC80CA3C13C3B43F00D29D06 /* CoreGraphics.framework */,
				DC80CA6C13C3B4AA00D29D06 /* CFNetwork.framework */,
				DCFF8C041529676500448078 /* Security.framework */,
			);
			name = Frameworks;
			sourceTree = "<group>";
		};
		DC80CA3E13C3B43F00D29D06 /* SimpleHTTPClient */ = {
			isa = PBXGroup;
			children = (
				A59F3DC016EB595200E11CC9 /* iPad */,
				DC80CA4713C3B43F00D29D06 /* SimpleHTTPClientAppDelegate.h */,
				DC80CA4813C3B43F00D29D06 /* SimpleHTTPClientAppDelegate.m */,
				DC80CA4A13C3B43F00D29D06 /* MainWindow.xib */,
				DC80CA4D13C3B43F00D29D06 /* SimpleHTTPClientViewController.h */,
				DC80CA4E13C3B43F00D29D06 /* SimpleHTTPClientViewController.m */,
				DC80CA5013C3B43F00D29D06 /* SimpleHTTPClientViewController.xib */,
				DC80CA3F13C3B43F00D29D06 /* Supporting Files */,
				A59508641716C1B000BF2199 /* iEmpireDataModel.xcdatamodeld */,
			);
			path = SimpleHTTPClient;
			sourceTree = "<group>";
		};
		DC80CA3F13C3B43F00D29D06 /* Supporting Files */ = {
			isa = PBXGroup;
			children = (
				A518F1191710E65C00BBCCC2 /* theme_song00.mp3 */,
				A518F11A1710E65C00BBCCC2 /* theme_song01.mp3 */,
				A518F11B1710E65C00BBCCC2 /* theme_song02.mp3 */,
				A518F11C1710E65C00BBCCC2 /* theme_song03.mp3 */,
				A5A2846F1703490100C2DB01 /* MarqueeLabel.h */,
				A5A284701703490100C2DB01 /* MarqueeLabel.m */,
				A518F11217109DA700BBCCC2 /* proto.h */,
				A538AD181702BDA7000F43B9 /* iVersion.h */,
				A538AD191702BDA7000F43B9 /* iVersion.m */,
				A538AD131702B5CC000F43B9 /* iRate.h */,
				A538AD141702B5CC000F43B9 /* iRate.m */,
				DC825152163AFEC100D95D37 /* Default-568h@2x.png */,
				DC80CA4013C3B43F00D29D06 /* iEmpire-Info.plist */,
				DC80CA4113C3B43F00D29D06 /* InfoPlist.strings */,
				DC80CA4413C3B43F00D29D06 /* iEmpire-Prefix.pch */,
				DC80CA4513C3B43F00D29D06 /* main.m */,
			);
			name = "Supporting Files";
			sourceTree = "<group>";
		};
		DC80CA5813C3B44900D29D06 /* Logging */ = {
			isa = PBXGroup;
			children = (
				DC4B0BA2151D48DE000985E5 /* DDAbstractDatabaseLogger.h */,
				DC4B0BA3151D48DE000985E5 /* DDAbstractDatabaseLogger.m */,
				DC4B0BA4151D48DE000985E5 /* DDASLLogger.h */,
				DC4B0BA5151D48DE000985E5 /* DDASLLogger.m */,
				DC4B0BA6151D48DE000985E5 /* DDFileLogger.h */,
				DC4B0BA7151D48DE000985E5 /* DDFileLogger.m */,
				DC4B0BA8151D48DE000985E5 /* DDLog.h */,
				DC4B0BA9151D48DE000985E5 /* DDLog.m */,
				DC4B0BAA151D48DE000985E5 /* DDTTYLogger.h */,
				DC4B0BAB151D48DE000985E5 /* DDTTYLogger.m */,
				DC4B0BAC151D48DE000985E5 /* Extensions */,
			);
			name = Logging;
			sourceTree = "<group>";
		};
		DC80CA6813C3B47300D29D06 /* TCP */ = {
			isa = PBXGroup;
			children = (
				DC80CAA113C3B94B00D29D06 /* GCDAsyncSocket.h */,
				DC80CAA213C3B94B00D29D06 /* GCDAsyncSocket.m */,
			);
			name = TCP;
			sourceTree = "<group>";
		};
/* End PBXGroup section */

/* Begin PBXNativeTarget section */
		DC80CA3313C3B43F00D29D06 /* iEmpire */ = {
			isa = PBXNativeTarget;
			buildConfigurationList = DC80CA5513C3B43F00D29D06 /* Build configuration list for PBXNativeTarget "iEmpire" */;
			buildPhases = (
				DC80CA3013C3B43F00D29D06 /* Sources */,
				DC80CA3113C3B43F00D29D06 /* Frameworks */,
				DC80CA3213C3B43F00D29D06 /* Resources */,
			);
			buildRules = (
			);
			dependencies = (
			);
			name = iEmpire;
			productName = SimpleHTTPClient;
			productReference = DC80CA3413C3B43F00D29D06 /* iEmpire.app */;
			productType = "com.apple.product-type.application";
		};
/* End PBXNativeTarget section */

/* Begin PBXProject section */
		DC80CA2B13C3B43F00D29D06 /* Project object */ = {
			isa = PBXProject;
			attributes = {
				LastUpgradeCheck = 0460;
			};
			buildConfigurationList = DC80CA2E13C3B43F00D29D06 /* Build configuration list for PBXProject "iEmpire" */;
			compatibilityVersion = "Xcode 3.2";
			developmentRegion = English;
			hasScannedForEncodings = 0;
			knownRegions = (
				en,
			);
			mainGroup = DC80CA2913C3B43F00D29D06;
			productRefGroup = DC80CA3513C3B43F00D29D06 /* Products */;
			projectDirPath = "";
			projectRoot = "";
			targets = (
				DC80CA3313C3B43F00D29D06 /* iEmpire */,
			);
		};
/* End PBXProject section */

/* Begin PBXResourcesBuildPhase section */
		DC80CA3213C3B43F00D29D06 /* Resources */ = {
			isa = PBXResourcesBuildPhase;
			buildActionMask = 2147483647;
			files = (
				DC80CA4313C3B43F00D29D06 /* InfoPlist.strings in Resources */,
				DC80CA4C13C3B43F00D29D06 /* MainWindow.xib in Resources */,
				DC80CA5213C3B43F00D29D06 /* SimpleHTTPClientViewController.xib in Resources */,
				DC4B0BB9151D48DE000985E5 /* README.txt in Resources */,
				DC825153163AFEC100D95D37 /* Default-568h@2x.png in Resources */,
				A59F3DC316EB595C00E11CC9 /* MainWindow-iPad.xib in Resources */,
				A59F3DC916EB68C500E11CC9 /* Icon_144x144.png in Resources */,
				A59F3DCB16EB68D600E11CC9 /* Icon_72x72.png in Resources */,
				A59F3DCF16EBB79900E11CC9 /* Default-Portrait~ipad.png in Resources */,
				A538AC061700EB4D000F43B9 /* MainStory-iPad.storyboard in Resources */,
				A538ACB517010823000F43B9 /* TitleLogo.png in Resources */,
				A538ACBB1701137D000F43B9 /* LoadPage.png in Resources */,
				A538ACBD170113CD000F43B9 /* Default-Portrait@2x~ipad.png in Resources */,
				A538ACBF1701160E000F43B9 /* LoadPage-retina.png in Resources */,
				A538AD0F17027CCC000F43B9 /* blue-neon-cityscape.png in Resources */,
				A518F11D1710E65C00BBCCC2 /* theme_song00.mp3 in Resources */,
				A518F11E1710E65C00BBCCC2 /* theme_song01.mp3 in Resources */,
				A518F11F1710E65C00BBCCC2 /* theme_song02.mp3 in Resources */,
				A518F1201710E65C00BBCCC2 /* theme_song03.mp3 in Resources */,
				765E86E717185F0800D755E2 /* twitterBtn.png in Resources */,
				765E86E817185F0800D755E2 /* twitterBtn@2x.png in Resources */,
			);
			runOnlyForDeploymentPostprocessing = 0;
		};
/* End PBXResourcesBuildPhase section */

/* Begin PBXSourcesBuildPhase section */
		DC80CA3013C3B43F00D29D06 /* Sources */ = {
			isa = PBXSourcesBuildPhase;
			buildActionMask = 2147483647;
			files = (
				DC80CA4613C3B43F00D29D06 /* main.m in Sources */,
				DC80CA4913C3B43F00D29D06 /* SimpleHTTPClientAppDelegate.m in Sources */,
				DC80CA4F13C3B43F00D29D06 /* SimpleHTTPClientViewController.m in Sources */,
				DC80CAA313C3B94B00D29D06 /* GCDAsyncSocket.m in Sources */,
				DC4B0BB2151D48DE000985E5 /* DDAbstractDatabaseLogger.m in Sources */,
				DC4B0BB3151D48DE000985E5 /* DDASLLogger.m in Sources */,
				DC4B0BB4151D48DE000985E5 /* DDFileLogger.m in Sources */,
				DC4B0BB5151D48DE000985E5 /* DDLog.m in Sources */,
				DC4B0BB6151D48DE000985E5 /* DDTTYLogger.m in Sources */,
				DC4B0BB7151D48DE000985E5 /* ContextFilterLogFormatter.m in Sources */,
				DC4B0BB8151D48DE000985E5 /* DispatchQueueLogFormatter.m in Sources */,
				A538AD151702B5CC000F43B9 /* iRate.m in Sources */,
				A538AD1A1702BDA7000F43B9 /* iVersion.m in Sources */,
				A5A284711703490100C2DB01 /* MarqueeLabel.m in Sources */,
				7678CF451714FB9E005ED101 /* IEServersSearchViewController.m in Sources */,
				7678CF481714FBBF005ED101 /* IEGamePlayScreenViewController.m in Sources */,
				7678CF4B1714FBD4005ED101 /* IEMainMenuViewController.m in Sources */,
				A59508661716C1B000BF2199 /* iEmpireDataModel.xcdatamodeld in Sources */,
			);
			runOnlyForDeploymentPostprocessing = 0;
		};
/* End PBXSourcesBuildPhase section */

/* Begin PBXVariantGroup section */
		A59F3DC116EB595C00E11CC9 /* MainWindow-iPad.xib */ = {
			isa = PBXVariantGroup;
			children = (
				A59F3DC216EB595C00E11CC9 /* en */,
			);
			name = "MainWindow-iPad.xib";
			sourceTree = "<group>";
		};
		DC80CA4113C3B43F00D29D06 /* InfoPlist.strings */ = {
			isa = PBXVariantGroup;
			children = (
				DC80CA4213C3B43F00D29D06 /* en */,
			);
			name = InfoPlist.strings;
			sourceTree = "<group>";
		};
		DC80CA4A13C3B43F00D29D06 /* MainWindow.xib */ = {
			isa = PBXVariantGroup;
			children = (
				DC80CA4B13C3B43F00D29D06 /* en */,
			);
			name = MainWindow.xib;
			sourceTree = "<group>";
		};
		DC80CA5013C3B43F00D29D06 /* SimpleHTTPClientViewController.xib */ = {
			isa = PBXVariantGroup;
			children = (
				DC80CA5113C3B43F00D29D06 /* en */,
			);
			name = SimpleHTTPClientViewController.xib;
			sourceTree = "<group>";
		};
/* End PBXVariantGroup section */

/* Begin XCBuildConfiguration section */
		DC80CA5313C3B43F00D29D06 /* Debug */ = {
			isa = XCBuildConfiguration;
			buildSettings = {
				ARCHS = "$(ARCHS_STANDARD_32_BIT)";
				CLANG_ENABLE_OBJC_ARC = YES;
				CLANG_WARN_CONSTANT_CONVERSION = YES;
				CLANG_WARN_ENUM_CONVERSION = YES;
				CLANG_WARN_INT_CONVERSION = YES;
				CLANG_WARN__DUPLICATE_METHOD_MATCH = YES;
				"CODE_SIGN_IDENTITY[sdk=iphoneos*]" = "iPhone Developer";
				GCC_C_LANGUAGE_STANDARD = gnu99;
				GCC_OPTIMIZATION_LEVEL = 0;
				GCC_PREPROCESSOR_DEFINITIONS = DEBUG;
				GCC_SYMBOLS_PRIVATE_EXTERN = NO;
				GCC_VERSION = com.apple.compilers.llvm.clang.1_0;
				GCC_WARN_ABOUT_RETURN_TYPE = YES;
				GCC_WARN_UNINITIALIZED_AUTOS = YES;
				GCC_WARN_UNUSED_VARIABLE = YES;
				IPHONEOS_DEPLOYMENT_TARGET = 5.0;
				SDKROOT = iphoneos;
				SUPPORTED_PLATFORMS = "iphonesimulator iphoneos";
			};
			name = Debug;
		};
		DC80CA5413C3B43F00D29D06 /* Release */ = {
			isa = XCBuildConfiguration;
			buildSettings = {
				ARCHS = "$(ARCHS_STANDARD_32_BIT)";
				CLANG_ENABLE_OBJC_ARC = YES;
				CLANG_WARN_CONSTANT_CONVERSION = YES;
				CLANG_WARN_ENUM_CONVERSION = YES;
				CLANG_WARN_INT_CONVERSION = YES;
				CLANG_WARN__DUPLICATE_METHOD_MATCH = YES;
				"CODE_SIGN_IDENTITY[sdk=iphoneos*]" = "iPhone Developer";
				GCC_C_LANGUAGE_STANDARD = gnu99;
				GCC_VERSION = com.apple.compilers.llvm.clang.1_0;
				GCC_WARN_ABOUT_RETURN_TYPE = YES;
				GCC_WARN_UNINITIALIZED_AUTOS = YES;
				GCC_WARN_UNUSED_VARIABLE = YES;
				IPHONEOS_DEPLOYMENT_TARGET = 5.0;
				OTHER_CFLAGS = "-DNS_BLOCK_ASSERTIONS=1";
				SDKROOT = iphoneos;
				SUPPORTED_PLATFORMS = "iphonesimulator iphoneos";
			};
			name = Release;
		};
		DC80CA5613C3B43F00D29D06 /* Debug */ = {
			isa = XCBuildConfiguration;
			buildSettings = {
				ALWAYS_SEARCH_USER_PATHS = NO;
				CLANG_ENABLE_OBJC_ARC = YES;
				COPY_PHASE_STRIP = NO;
				GCC_DYNAMIC_NO_PIC = NO;
				GCC_PRECOMPILE_PREFIX_HEADER = YES;
				GCC_PREFIX_HEADER = "SimpleHTTPClient/iEmpire-Prefix.pch";
				INFOPLIST_FILE = "SimpleHTTPClient/iEmpire-Info.plist";
				IPHONEOS_DEPLOYMENT_TARGET = 6.0;
				PRODUCT_NAME = iEmpire;
				TARGETED_DEVICE_FAMILY = 2;
				WRAPPER_EXTENSION = app;
			};
			name = Debug;
		};
		DC80CA5713C3B43F00D29D06 /* Release */ = {
			isa = XCBuildConfiguration;
			buildSettings = {
				ALWAYS_SEARCH_USER_PATHS = NO;
				CLANG_ENABLE_OBJC_ARC = YES;
				COPY_PHASE_STRIP = YES;
				GCC_PRECOMPILE_PREFIX_HEADER = YES;
				GCC_PREFIX_HEADER = "SimpleHTTPClient/iEmpire-Prefix.pch";
				INFOPLIST_FILE = "SimpleHTTPClient/iEmpire-Info.plist";
				IPHONEOS_DEPLOYMENT_TARGET = 6.0;
				PRODUCT_NAME = iEmpire;
				TARGETED_DEVICE_FAMILY = 2;
				VALIDATE_PRODUCT = YES;
				WRAPPER_EXTENSION = app;
			};
			name = Release;
		};
/* End XCBuildConfiguration section */

/* Begin XCConfigurationList section */
		DC80CA2E13C3B43F00D29D06 /* Build configuration list for PBXProject "iEmpire" */ = {
			isa = XCConfigurationList;
			buildConfigurations = (
				DC80CA5313C3B43F00D29D06 /* Debug */,
				DC80CA5413C3B43F00D29D06 /* Release */,
			);
			defaultConfigurationIsVisible = 0;
			defaultConfigurationName = Release;
		};
		DC80CA5513C3B43F00D29D06 /* Build configuration list for PBXNativeTarget "iEmpire" */ = {
			isa = XCConfigurationList;
			buildConfigurations = (
				DC80CA5613C3B43F00D29D06 /* Debug */,
				DC80CA5713C3B43F00D29D06 /* Release */,
			);
			defaultConfigurationIsVisible = 0;
			defaultConfigurationName = Release;
		};
/* End XCConfigurationList section */

/* Begin XCVersionGroup section */
		A59508641716C1B000BF2199 /* iEmpireDataModel.xcdatamodeld */ = {
			isa = XCVersionGroup;
			children = (
				A59508651716C1B000BF2199 /* iEmpireDataModel.xcdatamodel */,
			);
			currentVersion = A59508651716C1B000BF2199 /* iEmpireDataModel.xcdatamodel */;
			path = iEmpireDataModel.xcdatamodeld;
			sourceTree = "<group>";
			versionGroupType = wrapper.xcdatamodel;
		};
/* End XCVersionGroup section */
	};
	rootObject = DC80CA2B13C3B43F00D29D06 /* Project object */;
}
